// !$*UTF8*$!
{
	archiveVersion = 1;
	classes = {
	};
	objectVersion = 46;
	objects = {

/* Begin PBXBuildFile section */
		872FD727135E43FA002500BD /* ecc.c in Sources */ = {isa = PBXBuildFile; fileRef = 872FD726135E43FA002500BD /* ecc.c */; };
		874F48D11146BF6E008E00D2 /* pstm_montgomery_reduce.c in Sources */ = {isa = PBXBuildFile; fileRef = 874F48CE1146BF6E008E00D2 /* pstm_montgomery_reduce.c */; };
		874F48D21146BF6E008E00D2 /* pstm_mul_comba.c in Sources */ = {isa = PBXBuildFile; fileRef = 874F48CF1146BF6E008E00D2 /* pstm_mul_comba.c */; };
		874F48D31146BF6E008E00D2 /* pstm_sqr_comba.c in Sources */ = {isa = PBXBuildFile; fileRef = 874F48D01146BF6E008E00D2 /* pstm_sqr_comba.c */; };
		8754D10016D56A9D00072B50 /* hsHash.c in Sources */ = {isa = PBXBuildFile; fileRef = 8754D0FE16D56A9D00072B50 /* hsHash.c */; };
		8754D10116D56A9D00072B50 /* prf.c in Sources */ = {isa = PBXBuildFile; fileRef = 8754D0FF16D56A9D00072B50 /* prf.c */; };
		8764ED3F159CC933009F585D /* sha224.c in Sources */ = {isa = PBXBuildFile; fileRef = 8764ED3C159CC933009F585D /* sha224.c */; };
		8764ED40159CC933009F585D /* sha384.c in Sources */ = {isa = PBXBuildFile; fileRef = 8764ED3D159CC933009F585D /* sha384.c */; };
		8764ED41159CC933009F585D /* sha512.c in Sources */ = {isa = PBXBuildFile; fileRef = 8764ED3E159CC933009F585D /* sha512.c */; };
		8764ED57159CCB8C009F585D /* aesGCM.c in Sources */ = {isa = PBXBuildFile; fileRef = 8764ED56159CCB8C009F585D /* aesGCM.c */; };
		8767599D143E60A50096BC70 /* rc2.c in Sources */ = {isa = PBXBuildFile; fileRef = 8767599C143E60A50096BC70 /* rc2.c */; };
		878227711A04069000C7C63E /* aesni.c in Sources */ = {isa = PBXBuildFile; fileRef = 8782276F1A04069000C7C63E /* aesni.c */; };
		878227721A04069000C7C63E /* aesni.h in Headers */ = {isa = PBXBuildFile; fileRef = 878227701A04069000C7C63E /* aesni.h */; };
		87D1B43E121C8C2800CD2670 /* prng.c in Sources */ = {isa = PBXBuildFile; fileRef = 87D1B43A121C8C2800CD2670 /* prng.c */; };
		87D1B43F121C8C2800CD2670 /* prng.h in Headers */ = {isa = PBXBuildFile; fileRef = 87D1B43B121C8C2800CD2670 /* prng.h */; };
		87D1B440121C8C2800CD2670 /* yarrow.c in Sources */ = {isa = PBXBuildFile; fileRef = 87D1B43C121C8C2800CD2670 /* yarrow.c */; };
		87FDBBFA11497A3B008B7214 /* dh.c in Sources */ = {isa = PBXBuildFile; fileRef = 87FDBBF911497A3B008B7214 /* dh.c */; };
		87FDBC0511497A76008B7214 /* psk.c in Sources */ = {isa = PBXBuildFile; fileRef = 87FDBC0411497A76008B7214 /* psk.c */; };
		87FDBC0711497A99008B7214 /* seed.c in Sources */ = {isa = PBXBuildFile; fileRef = 87FDBC0611497A99008B7214 /* seed.c */; };
		87FDBC0B11497ABB008B7214 /* md2.c in Sources */ = {isa = PBXBuildFile; fileRef = 87FDBC0811497ABB008B7214 /* md2.c */; };
		87FDBC0C11497ABB008B7214 /* md4.c in Sources */ = {isa = PBXBuildFile; fileRef = 87FDBC0911497ABB008B7214 /* md4.c */; };
		87FDBC0D11497ABB008B7214 /* sha256.c in Sources */ = {isa = PBXBuildFile; fileRef = 87FDBC0A11497ABB008B7214 /* sha256.c */; };
		DD1C35D0112E0766003CC52A /* coreApi.h in Headers */ = {isa = PBXBuildFile; fileRef = DD1C35C9112E0766003CC52A /* coreApi.h */; };
		DD1C35D1112E0766003CC52A /* coreConfig.h in Headers */ = {isa = PBXBuildFile; fileRef = DD1C35CA112E0766003CC52A /* coreConfig.h */; };
		DD1C35D2112E0766003CC52A /* corelib.c in Sources */ = {isa = PBXBuildFile; fileRef = DD1C35CB112E0766003CC52A /* corelib.c */; };
		DD1C35D3112E0766003CC52A /* osdep.h in Headers */ = {isa = PBXBuildFile; fileRef = DD1C35CC112E0766003CC52A /* osdep.h */; };
		DD1C35D4112E0766003CC52A /* psmalloc.h in Headers */ = {isa = PBXBuildFile; fileRef = DD1C35CD112E0766003CC52A /* psmalloc.h */; };
		DD1C35D6112E0766003CC52A /* list.h in Headers */ = {isa = PBXBuildFile; fileRef = DD1C35CF112E0766003CC52A /* list.h */; };
		DD1C35DA112E07A9003CC52A /* osdep.c in Sources */ = {isa = PBXBuildFile; fileRef = DD1C35D9112E07A9003CC52A /* osdep.c */; };
		DD1C3604112E07C0003CC52A /* cryptoApi.h in Headers */ = {isa = PBXBuildFile; fileRef = DD1C35DB112E07C0003CC52A /* cryptoApi.h */; };
		DD1C3605112E07C0003CC52A /* cryptoConfig.h in Headers */ = {isa = PBXBuildFile; fileRef = DD1C35DC112E07C0003CC52A /* cryptoConfig.h */; };
		DD1C3607112E07C0003CC52A /* cryptolib.h in Headers */ = {isa = PBXBuildFile; fileRef = DD1C35DE112E07C0003CC52A /* cryptolib.h */; };
		DD1C3608112E07C0003CC52A /* digest.h in Headers */ = {isa = PBXBuildFile; fileRef = DD1C35E0112E07C0003CC52A /* digest.h */; };
		DD1C3609112E07C0003CC52A /* hmac.c in Sources */ = {isa = PBXBuildFile; fileRef = DD1C35E1112E07C0003CC52A /* hmac.c */; };
		DD1C360B112E07C0003CC52A /* md5.c in Sources */ = {isa = PBXBuildFile; fileRef = DD1C35E3112E07C0003CC52A /* md5.c */; };
		DD1C360D112E07C0003CC52A /* sha1.c in Sources */ = {isa = PBXBuildFile; fileRef = DD1C35E5112E07C0003CC52A /* sha1.c */; };
		DD1C360F112E07C0003CC52A /* asn1.c in Sources */ = {isa = PBXBuildFile; fileRef = DD1C35E8112E07C0003CC52A /* asn1.c */; };
		DD1C3610112E07C0003CC52A /* asn1.h in Headers */ = {isa = PBXBuildFile; fileRef = DD1C35E9112E07C0003CC52A /* asn1.h */; };
		DD1C3612112E07C0003CC52A /* base64.c in Sources */ = {isa = PBXBuildFile; fileRef = DD1C35EB112E07C0003CC52A /* base64.c */; };
		DD1C3614112E07C0003CC52A /* x509.c in Sources */ = {isa = PBXBuildFile; fileRef = DD1C35ED112E07C0003CC52A /* x509.c */; };
		DD1C3615112E07C0003CC52A /* x509.h in Headers */ = {isa = PBXBuildFile; fileRef = DD1C35EE112E07C0003CC52A /* x509.h */; };
		DD1C3617112E07C0003CC52A /* pstm.c in Sources */ = {isa = PBXBuildFile; fileRef = DD1C35F1112E07C0003CC52A /* pstm.c */; };
		DD1C3618112E07C0003CC52A /* pstm.h in Headers */ = {isa = PBXBuildFile; fileRef = DD1C35F2112E07C0003CC52A /* pstm.h */; };
		DD1C361A112E07C0003CC52A /* pkcs.c in Sources */ = {isa = PBXBuildFile; fileRef = DD1C35F5112E07C0003CC52A /* pkcs.c */; };
		DD1C361C112E07C0003CC52A /* pubkey.c in Sources */ = {isa = PBXBuildFile; fileRef = DD1C35F7112E07C0003CC52A /* pubkey.c */; };
		DD1C361D112E07C0003CC52A /* pubkey.h in Headers */ = {isa = PBXBuildFile; fileRef = DD1C35F8112E07C0003CC52A /* pubkey.h */; };
		DD1C361F112E07C0003CC52A /* rsa.c in Sources */ = {isa = PBXBuildFile; fileRef = DD1C35FA112E07C0003CC52A /* rsa.c */; };
		DD1C3621112E07C0003CC52A /* aes.c in Sources */ = {isa = PBXBuildFile; fileRef = DD1C35FD112E07C0003CC52A /* aes.c */; };
		DD1C3623112E07C0003CC52A /* arc4.c in Sources */ = {isa = PBXBuildFile; fileRef = DD1C35FF112E07C0003CC52A /* arc4.c */; };
		DD1C3625112E07C0003CC52A /* des3.c in Sources */ = {isa = PBXBuildFile; fileRef = DD1C3601112E07C0003CC52A /* des3.c */; };
		DD1C3627112E07C0003CC52A /* symmetric.h in Headers */ = {isa = PBXBuildFile; fileRef = DD1C3603112E07C0003CC52A /* symmetric.h */; };
		DD1C3633112E0863003CC52A /* cipherSuite.c in Sources */ = {isa = PBXBuildFile; fileRef = DD1C3629112E0863003CC52A /* cipherSuite.c */; };
		DD1C3634112E0863003CC52A /* matrixssl.c in Sources */ = {isa = PBXBuildFile; fileRef = DD1C362A112E0863003CC52A /* matrixssl.c */; };
		DD1C3635112E0863003CC52A /* matrixsslApi.c in Sources */ = {isa = PBXBuildFile; fileRef = DD1C362B112E0863003CC52A /* matrixsslApi.c */; };
		DD1C3636112E0863003CC52A /* matrixsslApi.h in Headers */ = {isa = PBXBuildFile; fileRef = DD1C362C112E0863003CC52A /* matrixsslApi.h */; };
		DD1C3637112E0863003CC52A /* matrixsslConfig.h in Headers */ = {isa = PBXBuildFile; fileRef = DD1C362D112E0863003CC52A /* matrixsslConfig.h */; };
		DD1C3638112E0863003CC52A /* matrixssllib.h in Headers */ = {isa = PBXBuildFile; fileRef = DD1C362E112E0863003CC52A /* matrixssllib.h */; };
		DD1C3639112E0863003CC52A /* sslDecode.c in Sources */ = {isa = PBXBuildFile; fileRef = DD1C362F112E0863003CC52A /* sslDecode.c */; };
		DD1C363A112E0863003CC52A /* sslEncode.c in Sources */ = {isa = PBXBuildFile; fileRef = DD1C3630112E0863003CC52A /* sslEncode.c */; };
		DD1C363B112E0863003CC52A /* sslv3.c in Sources */ = {isa = PBXBuildFile; fileRef = DD1C3631112E0863003CC52A /* sslv3.c */; };
		DD1C363C112E0863003CC52A /* tls.c in Sources */ = {isa = PBXBuildFile; fileRef = DD1C3632112E0863003CC52A /* tls.c */; };
/* End PBXBuildFile section */

/* Begin PBXFileReference section */
		872FD726135E43FA002500BD /* ecc.c */ = {isa = PBXFileReference; fileEncoding = 4; lastKnownFileType = sourcecode.c.c; path = ecc.c; sourceTree = "<group>"; };
		874F48CE1146BF6E008E00D2 /* pstm_montgomery_reduce.c */ = {isa = PBXFileReference; fileEncoding = 4; lastKnownFileType = sourcecode.c.c; path = pstm_montgomery_reduce.c; sourceTree = "<group>"; };
		874F48CF1146BF6E008E00D2 /* pstm_mul_comba.c */ = {isa = PBXFileReference; fileEncoding = 4; lastKnownFileType = sourcecode.c.c; path = pstm_mul_comba.c; sourceTree = "<group>"; };
		874F48D01146BF6E008E00D2 /* pstm_sqr_comba.c */ = {isa = PBXFileReference; fileEncoding = 4; lastKnownFileType = sourcecode.c.c; path = pstm_sqr_comba.c; sourceTree = "<group>"; };
		8754D0FE16D56A9D00072B50 /* hsHash.c */ = {isa = PBXFileReference; fileEncoding = 4; lastKnownFileType = sourcecode.c.c; name = hsHash.c; path = matrixssl/hsHash.c; sourceTree = "<group>"; };
		8754D0FF16D56A9D00072B50 /* prf.c */ = {isa = PBXFileReference; fileEncoding = 4; lastKnownFileType = sourcecode.c.c; name = prf.c; path = matrixssl/prf.c; sourceTree = "<group>"; };
		8764ED3C159CC933009F585D /* sha224.c */ = {isa = PBXFileReference; fileEncoding = 4; lastKnownFileType = sourcecode.c.c; path = sha224.c; sourceTree = "<group>"; };
		8764ED3D159CC933009F585D /* sha384.c */ = {isa = PBXFileReference; fileEncoding = 4; lastKnownFileType = sourcecode.c.c; path = sha384.c; sourceTree = "<group>"; };
		8764ED3E159CC933009F585D /* sha512.c */ = {isa = PBXFileReference; fileEncoding = 4; lastKnownFileType = sourcecode.c.c; path = sha512.c; sourceTree = "<group>"; };
		8764ED56159CCB8C009F585D /* aesGCM.c */ = {isa = PBXFileReference; fileEncoding = 4; lastKnownFileType = sourcecode.c.c; path = aesGCM.c; sourceTree = "<group>"; };
		8767599C143E60A50096BC70 /* rc2.c */ = {isa = PBXFileReference; fileEncoding = 4; lastKnownFileType = sourcecode.c.c; path = rc2.c; sourceTree = "<group>"; };
		8782276F1A04069000C7C63E /* aesni.c */ = {isa = PBXFileReference; fileEncoding = 4; lastKnownFileType = sourcecode.c.c; path = aesni.c; sourceTree = "<group>"; };
		878227701A04069000C7C63E /* aesni.h */ = {isa = PBXFileReference; fileEncoding = 4; lastKnownFileType = sourcecode.c.h; path = aesni.h; sourceTree = "<group>"; };
		87D1B43A121C8C2800CD2670 /* prng.c */ = {isa = PBXFileReference; fileEncoding = 4; lastKnownFileType = sourcecode.c.c; path = prng.c; sourceTree = "<group>"; };
		87D1B43B121C8C2800CD2670 /* prng.h */ = {isa = PBXFileReference; fileEncoding = 4; lastKnownFileType = sourcecode.c.h; path = prng.h; sourceTree = "<group>"; };
		87D1B43C121C8C2800CD2670 /* yarrow.c */ = {isa = PBXFileReference; fileEncoding = 4; lastKnownFileType = sourcecode.c.c; path = yarrow.c; sourceTree = "<group>"; };
		87FDBBF911497A3B008B7214 /* dh.c */ = {isa = PBXFileReference; fileEncoding = 4; lastKnownFileType = sourcecode.c.c; path = dh.c; sourceTree = "<group>"; };
		87FDBC0411497A76008B7214 /* psk.c */ = {isa = PBXFileReference; fileEncoding = 4; lastKnownFileType = sourcecode.c.c; name = psk.c; path = matrixssl/psk.c; sourceTree = "<group>"; };
		87FDBC0611497A99008B7214 /* seed.c */ = {isa = PBXFileReference; fileEncoding = 4; lastKnownFileType = sourcecode.c.c; path = seed.c; sourceTree = "<group>"; };
		87FDBC0811497ABB008B7214 /* md2.c */ = {isa = PBXFileReference; fileEncoding = 4; lastKnownFileType = sourcecode.c.c; path = md2.c; sourceTree = "<group>"; };
		87FDBC0911497ABB008B7214 /* md4.c */ = {isa = PBXFileReference; fileEncoding = 4; lastKnownFileType = sourcecode.c.c; path = md4.c; sourceTree = "<group>"; };
		87FDBC0A11497ABB008B7214 /* sha256.c */ = {isa = PBXFileReference; fileEncoding = 4; lastKnownFileType = sourcecode.c.c; path = sha256.c; sourceTree = "<group>"; };
		D2AAC046055464E500DB518D /* libmatrixssl.a */ = {isa = PBXFileReference; explicitFileType = archive.ar; includeInIndex = 0; path = libmatrixssl.a; sourceTree = BUILT_PRODUCTS_DIR; };
		DD1C35C9112E0766003CC52A /* coreApi.h */ = {isa = PBXFileReference; fileEncoding = 4; lastKnownFileType = sourcecode.c.h; name = coreApi.h; path = core/coreApi.h; sourceTree = "<group>"; };
		DD1C35CA112E0766003CC52A /* coreConfig.h */ = {isa = PBXFileReference; fileEncoding = 4; lastKnownFileType = sourcecode.c.h; name = coreConfig.h; path = core/coreConfig.h; sourceTree = "<group>"; };
		DD1C35CB112E0766003CC52A /* corelib.c */ = {isa = PBXFileReference; fileEncoding = 4; lastKnownFileType = sourcecode.c.c; name = corelib.c; path = core/corelib.c; sourceTree = "<group>"; };
		DD1C35CC112E0766003CC52A /* osdep.h */ = {isa = PBXFileReference; fileEncoding = 4; lastKnownFileType = sourcecode.c.h; name = osdep.h; path = core/osdep.h; sourceTree = "<group>"; };
		DD1C35CD112E0766003CC52A /* psmalloc.h */ = {isa = PBXFileReference; fileEncoding = 4; lastKnownFileType = sourcecode.c.h; name = psmalloc.h; path = core/psmalloc.h; sourceTree = "<group>"; };
		DD1C35CF112E0766003CC52A /* list.h */ = {isa = PBXFileReference; fileEncoding = 4; lastKnownFileType = sourcecode.c.h; name = list.h; path = core/list.h; sourceTree = "<group>"; };
		DD1C35D9112E07A9003CC52A /* osdep.c */ = {isa = PBXFileReference; fileEncoding = 4; lastKnownFileType = sourcecode.c.c; name = osdep.c; path = core/POSIX/osdep.c; sourceTree = "<group>"; };
		DD1C35DB112E07C0003CC52A /* cryptoApi.h */ = {isa = PBXFileReference; fileEncoding = 4; lastKnownFileType = sourcecode.c.h; name = cryptoApi.h; path = crypto/cryptoApi.h; sourceTree = "<group>"; };
		DD1C35DC112E07C0003CC52A /* cryptoConfig.h */ = {isa = PBXFileReference; fileEncoding = 4; lastKnownFileType = sourcecode.c.h; name = cryptoConfig.h; path = crypto/cryptoConfig.h; sourceTree = "<group>"; };
		DD1C35DE112E07C0003CC52A /* cryptolib.h */ = {isa = PBXFileReference; fileEncoding = 4; lastKnownFileType = sourcecode.c.h; name = cryptolib.h; path = crypto/cryptolib.h; sourceTree = "<group>"; };
		DD1C35E0112E07C0003CC52A /* digest.h */ = {isa = PBXFileReference; fileEncoding = 4; lastKnownFileType = sourcecode.c.h; path = digest.h; sourceTree = "<group>"; };
		DD1C35E1112E07C0003CC52A /* hmac.c */ = {isa = PBXFileReference; fileEncoding = 4; lastKnownFileType = sourcecode.c.c; path = hmac.c; sourceTree = "<group>"; };
		DD1C35E3112E07C0003CC52A /* md5.c */ = {isa = PBXFileReference; fileEncoding = 4; lastKnownFileType = sourcecode.c.c; path = md5.c; sourceTree = "<group>"; };
		DD1C35E5112E07C0003CC52A /* sha1.c */ = {isa = PBXFileReference; fileEncoding = 4; lastKnownFileType = sourcecode.c.c; path = sha1.c; sourceTree = "<group>"; };
		DD1C35E8112E07C0003CC52A /* asn1.c */ = {isa = PBXFileReference; fileEncoding = 4; lastKnownFileType = sourcecode.c.c; path = asn1.c; sourceTree = "<group>"; };
		DD1C35E9112E07C0003CC52A /* asn1.h */ = {isa = PBXFileReference; fileEncoding = 4; lastKnownFileType = sourcecode.c.h; path = asn1.h; sourceTree = "<group>"; };
		DD1C35EB112E07C0003CC52A /* base64.c */ = {isa = PBXFileReference; fileEncoding = 4; lastKnownFileType = sourcecode.c.c; path = base64.c; sourceTree = "<group>"; };
		DD1C35ED112E07C0003CC52A /* x509.c */ = {isa = PBXFileReference; fileEncoding = 4; lastKnownFileType = sourcecode.c.c; path = x509.c; sourceTree = "<group>"; };
		DD1C35EE112E07C0003CC52A /* x509.h */ = {isa = PBXFileReference; fileEncoding = 4; lastKnownFileType = sourcecode.c.h; path = x509.h; sourceTree = "<group>"; };
		DD1C35F1112E07C0003CC52A /* pstm.c */ = {isa = PBXFileReference; fileEncoding = 4; lastKnownFileType = sourcecode.c.c; path = pstm.c; sourceTree = "<group>"; };
		DD1C35F2112E07C0003CC52A /* pstm.h */ = {isa = PBXFileReference; fileEncoding = 4; lastKnownFileType = sourcecode.c.h; path = pstm.h; sourceTree = "<group>"; };
		DD1C35F5112E07C0003CC52A /* pkcs.c */ = {isa = PBXFileReference; fileEncoding = 4; lastKnownFileType = sourcecode.c.c; path = pkcs.c; sourceTree = "<group>"; };
		DD1C35F7112E07C0003CC52A /* pubkey.c */ = {isa = PBXFileReference; fileEncoding = 4; lastKnownFileType = sourcecode.c.c; path = pubkey.c; sourceTree = "<group>"; };
		DD1C35F8112E07C0003CC52A /* pubkey.h */ = {isa = PBXFileReference; fileEncoding = 4; lastKnownFileType = sourcecode.c.h; path = pubkey.h; sourceTree = "<group>"; };
		DD1C35FA112E07C0003CC52A /* rsa.c */ = {isa = PBXFileReference; fileEncoding = 4; lastKnownFileType = sourcecode.c.c; path = rsa.c; sourceTree = "<group>"; };
		DD1C35FD112E07C0003CC52A /* aes.c */ = {isa = PBXFileReference; fileEncoding = 4; lastKnownFileType = sourcecode.c.c; path = aes.c; sourceTree = "<group>"; };
		DD1C35FF112E07C0003CC52A /* arc4.c */ = {isa = PBXFileReference; fileEncoding = 4; lastKnownFileType = sourcecode.c.c; path = arc4.c; sourceTree = "<group>"; };
		DD1C3601112E07C0003CC52A /* des3.c */ = {isa = PBXFileReference; fileEncoding = 4; lastKnownFileType = sourcecode.c.c; path = des3.c; sourceTree = "<group>"; };
		DD1C3603112E07C0003CC52A /* symmetric.h */ = {isa = PBXFileReference; fileEncoding = 4; lastKnownFileType = sourcecode.c.h; path = symmetric.h; sourceTree = "<group>"; };
		DD1C3629112E0863003CC52A /* cipherSuite.c */ = {isa = PBXFileReference; fileEncoding = 4; lastKnownFileType = sourcecode.c.c; name = cipherSuite.c; path = matrixssl/cipherSuite.c; sourceTree = "<group>"; };
		DD1C362A112E0863003CC52A /* matrixssl.c */ = {isa = PBXFileReference; fileEncoding = 4; lastKnownFileType = sourcecode.c.c; name = matrixssl.c; path = matrixssl/matrixssl.c; sourceTree = "<group>"; };
		DD1C362B112E0863003CC52A /* matrixsslApi.c */ = {isa = PBXFileReference; fileEncoding = 4; lastKnownFileType = sourcecode.c.c; name = matrixsslApi.c; path = matrixssl/matrixsslApi.c; sourceTree = "<group>"; };
		DD1C362C112E0863003CC52A /* matrixsslApi.h */ = {isa = PBXFileReference; fileEncoding = 4; lastKnownFileType = sourcecode.c.h; name = matrixsslApi.h; path = matrixssl/matrixsslApi.h; sourceTree = "<group>"; };
		DD1C362D112E0863003CC52A /* matrixsslConfig.h */ = {isa = PBXFileReference; fileEncoding = 4; lastKnownFileType = sourcecode.c.h; name = matrixsslConfig.h; path = matrixssl/matrixsslConfig.h; sourceTree = "<group>"; };
		DD1C362E112E0863003CC52A /* matrixssllib.h */ = {isa = PBXFileReference; fileEncoding = 4; lastKnownFileType = sourcecode.c.h; name = matrixssllib.h; path = matrixssl/matrixssllib.h; sourceTree = "<group>"; };
		DD1C362F112E0863003CC52A /* sslDecode.c */ = {isa = PBXFileReference; fileEncoding = 4; lastKnownFileType = sourcecode.c.c; name = sslDecode.c; path = matrixssl/sslDecode.c; sourceTree = "<group>"; };
		DD1C3630112E0863003CC52A /* sslEncode.c */ = {isa = PBXFileReference; fileEncoding = 4; lastKnownFileType = sourcecode.c.c; name = sslEncode.c; path = matrixssl/sslEncode.c; sourceTree = "<group>"; };
		DD1C3631112E0863003CC52A /* sslv3.c */ = {isa = PBXFileReference; fileEncoding = 4; lastKnownFileType = sourcecode.c.c; name = sslv3.c; path = matrixssl/sslv3.c; sourceTree = "<group>"; };
		DD1C3632112E0863003CC52A /* tls.c */ = {isa = PBXFileReference; fileEncoding = 4; lastKnownFileType = sourcecode.c.c; name = tls.c; path = matrixssl/tls.c; sourceTree = "<group>"; };
/* End PBXFileReference section */

/* Begin PBXFrameworksBuildPhase section */
		D289987405E68DCB004EDB86 /* Frameworks */ = {
			isa = PBXFrameworksBuildPhase;
			buildActionMask = 2147483647;
			files = (
			);
			runOnlyForDeploymentPostprocessing = 0;
		};
/* End PBXFrameworksBuildPhase section */

/* Begin PBXGroup section */
		08FB7794FE84155DC02AAC07 /* matrixssl */ = {
			isa = PBXGroup;
			children = (
				08FB7795FE84155DC02AAC07 /* Source */,
				1AB674ADFE9D54B511CA2CBB /* Products */,
			);
			name = matrixssl;
			sourceTree = "<group>";
		};
		08FB7795FE84155DC02AAC07 /* Source */ = {
			isa = PBXGroup;
			children = (
				DD1C3629112E0863003CC52A /* cipherSuite.c */,
				8754D0FE16D56A9D00072B50 /* hsHash.c */,
				DD1C362A112E0863003CC52A /* matrixssl.c */,
				DD1C362B112E0863003CC52A /* matrixsslApi.c */,
				DD1C362C112E0863003CC52A /* matrixsslApi.h */,
				DD1C362D112E0863003CC52A /* matrixsslConfig.h */,
				DD1C362E112E0863003CC52A /* matrixssllib.h */,
				8754D0FF16D56A9D00072B50 /* prf.c */,
				87FDBC0411497A76008B7214 /* psk.c */,
				DD1C362F112E0863003CC52A /* sslDecode.c */,
				DD1C3630112E0863003CC52A /* sslEncode.c */,
				DD1C3631112E0863003CC52A /* sslv3.c */,
				DD1C3632112E0863003CC52A /* tls.c */,
				DD1C35D8112E0787003CC52A /* crypto */,
				DD1C35D7112E077B003CC52A /* core */,
			);
			name = Source;
			sourceTree = "<group>";
		};
		1AB674ADFE9D54B511CA2CBB /* Products */ = {
			isa = PBXGroup;
			children = (
				D2AAC046055464E500DB518D /* libmatrixssl.a */,
			);
			name = Products;
			sourceTree = "<group>";
		};
		8782276E1A04069000C7C63E /* hardware */ = {
			isa = PBXGroup;
			children = (
				8782276F1A04069000C7C63E /* aesni.c */,
				878227701A04069000C7C63E /* aesni.h */,
			);
			name = hardware;
			path = crypto/hardware;
			sourceTree = "<group>";
		};
		87D1B438121C8C2800CD2670 /* prng */ = {
			isa = PBXGroup;
			children = (
				87D1B43A121C8C2800CD2670 /* prng.c */,
				87D1B43B121C8C2800CD2670 /* prng.h */,
				87D1B43C121C8C2800CD2670 /* yarrow.c */,
			);
			name = prng;
			path = crypto/prng;
			sourceTree = "<group>";
		};
		DD1C35D7112E077B003CC52A /* core */ = {
			isa = PBXGroup;
			children = (
				DD1C3628112E0822003CC52A /* POSIX */,
				DD1C35C9112E0766003CC52A /* coreApi.h */,
				DD1C35CA112E0766003CC52A /* coreConfig.h */,
				DD1C35CB112E0766003CC52A /* corelib.c */,
				DD1C35CC112E0766003CC52A /* osdep.h */,
				DD1C35CD112E0766003CC52A /* psmalloc.h */,
				DD1C35CF112E0766003CC52A /* list.h */,
			);
			name = core;
			sourceTree = "<group>";
		};
		DD1C35D8112E0787003CC52A /* crypto */ = {
			isa = PBXGroup;
			children = (
				8782276E1A04069000C7C63E /* hardware */,
				87D1B438121C8C2800CD2670 /* prng */,
				DD1C35DB112E07C0003CC52A /* cryptoApi.h */,
				DD1C35DC112E07C0003CC52A /* cryptoConfig.h */,
				DD1C35DE112E07C0003CC52A /* cryptolib.h */,
				DD1C35DF112E07C0003CC52A /* digest */,
				DD1C35E7112E07C0003CC52A /* keyformat */,
				DD1C35F0112E07C0003CC52A /* math */,
				DD1C35F4112E07C0003CC52A /* pubkey */,
				DD1C35FC112E07C0003CC52A /* symmetric */,
			);
			name = crypto;
			sourceTree = "<group>";
		};
		DD1C35DF112E07C0003CC52A /* digest */ = {
			isa = PBXGroup;
			children = (
				8764ED3C159CC933009F585D /* sha224.c */,
				8764ED3D159CC933009F585D /* sha384.c */,
				8764ED3E159CC933009F585D /* sha512.c */,
				87FDBC0811497ABB008B7214 /* md2.c */,
				87FDBC0911497ABB008B7214 /* md4.c */,
				87FDBC0A11497ABB008B7214 /* sha256.c */,
				DD1C35E0112E07C0003CC52A /* digest.h */,
				DD1C35E1112E07C0003CC52A /* hmac.c */,
				DD1C35E3112E07C0003CC52A /* md5.c */,
				DD1C35E5112E07C0003CC52A /* sha1.c */,
			);
			name = digest;
			path = crypto/digest;
			sourceTree = "<group>";
		};
		DD1C35E7112E07C0003CC52A /* keyformat */ = {
			isa = PBXGroup;
			children = (
				DD1C35E8112E07C0003CC52A /* asn1.c */,
				DD1C35E9112E07C0003CC52A /* asn1.h */,
				DD1C35EB112E07C0003CC52A /* base64.c */,
				DD1C35ED112E07C0003CC52A /* x509.c */,
				DD1C35EE112E07C0003CC52A /* x509.h */,
			);
			name = keyformat;
			path = crypto/keyformat;
			sourceTree = "<group>";
		};
		DD1C35F0112E07C0003CC52A /* math */ = {
			isa = PBXGroup;
			children = (
				874F48CE1146BF6E008E00D2 /* pstm_montgomery_reduce.c */,
				874F48CF1146BF6E008E00D2 /* pstm_mul_comba.c */,
				874F48D01146BF6E008E00D2 /* pstm_sqr_comba.c */,
				DD1C35F1112E07C0003CC52A /* pstm.c */,
				DD1C35F2112E07C0003CC52A /* pstm.h */,
			);
			name = math;
			path = crypto/math;
			sourceTree = "<group>";
		};
		DD1C35F4112E07C0003CC52A /* pubkey */ = {
			isa = PBXGroup;
			children = (
				872FD726135E43FA002500BD /* ecc.c */,
				87FDBBF911497A3B008B7214 /* dh.c */,
				DD1C35F5112E07C0003CC52A /* pkcs.c */,
				DD1C35F7112E07C0003CC52A /* pubkey.c */,
				DD1C35F8112E07C0003CC52A /* pubkey.h */,
				DD1C35FA112E07C0003CC52A /* rsa.c */,
			);
			name = pubkey;
			path = crypto/pubkey;
			sourceTree = "<group>";
		};
		DD1C35FC112E07C0003CC52A /* symmetric */ = {
			isa = PBXGroup;
			children = (
				8764ED56159CCB8C009F585D /* aesGCM.c */,
				8767599C143E60A50096BC70 /* rc2.c */,
				87FDBC0611497A99008B7214 /* seed.c */,
				DD1C35FD112E07C0003CC52A /* aes.c */,
				DD1C35FF112E07C0003CC52A /* arc4.c */,
				DD1C3601112E07C0003CC52A /* des3.c */,
				DD1C3603112E07C0003CC52A /* symmetric.h */,
			);
			name = symmetric;
			path = crypto/symmetric;
			sourceTree = "<group>";
		};
		DD1C3628112E0822003CC52A /* POSIX */ = {
			isa = PBXGroup;
			children = (
				DD1C35D9112E07A9003CC52A /* osdep.c */,
			);
			name = POSIX;
			sourceTree = "<group>";
		};
/* End PBXGroup section */

/* Begin PBXHeadersBuildPhase section */
		D2AAC043055464E500DB518D /* Headers */ = {
			isa = PBXHeadersBuildPhase;
			buildActionMask = 2147483647;
			files = (
				DD1C35D0112E0766003CC52A /* coreApi.h in Headers */,
				DD1C35D1112E0766003CC52A /* coreConfig.h in Headers */,
				DD1C35D3112E0766003CC52A /* osdep.h in Headers */,
				878227721A04069000C7C63E /* aesni.h in Headers */,
				DD1C35D4112E0766003CC52A /* psmalloc.h in Headers */,
				DD1C35D6112E0766003CC52A /* list.h in Headers */,
				DD1C3604112E07C0003CC52A /* cryptoApi.h in Headers */,
				DD1C3605112E07C0003CC52A /* cryptoConfig.h in Headers */,
				DD1C3607112E07C0003CC52A /* cryptolib.h in Headers */,
				DD1C3608112E07C0003CC52A /* digest.h in Headers */,
				DD1C3610112E07C0003CC52A /* asn1.h in Headers */,
				DD1C3615112E07C0003CC52A /* x509.h in Headers */,
				DD1C3618112E07C0003CC52A /* pstm.h in Headers */,
				DD1C361D112E07C0003CC52A /* pubkey.h in Headers */,
				DD1C3627112E07C0003CC52A /* symmetric.h in Headers */,
				DD1C3636112E0863003CC52A /* matrixsslApi.h in Headers */,
				DD1C3637112E0863003CC52A /* matrixsslConfig.h in Headers */,
				DD1C3638112E0863003CC52A /* matrixssllib.h in Headers */,
				87D1B43F121C8C2800CD2670 /* prng.h in Headers */,
			);
			runOnlyForDeploymentPostprocessing = 0;
		};
/* End PBXHeadersBuildPhase section */

/* Begin PBXNativeTarget section */
		D2AAC045055464E500DB518D /* matrixssl */ = {
			isa = PBXNativeTarget;
			buildConfigurationList = 1DEB91EB08733DB70010E9CD /* Build configuration list for PBXNativeTarget "matrixssl" */;
			buildPhases = (
				D2AAC043055464E500DB518D /* Headers */,
				D2AAC044055464E500DB518D /* Sources */,
				D289987405E68DCB004EDB86 /* Frameworks */,
			);
			buildRules = (
			);
			dependencies = (
			);
			name = matrixssl;
			productName = matrixssl;
			productReference = D2AAC046055464E500DB518D /* libmatrixssl.a */;
			productType = "com.apple.product-type.library.static";
		};
/* End PBXNativeTarget section */

/* Begin PBXProject section */
		08FB7793FE84155DC02AAC07 /* Project object */ = {
			isa = PBXProject;
			attributes = {
				LastUpgradeCheck = 0610;
			};
			buildConfigurationList = 1DEB91EF08733DB70010E9CD /* Build configuration list for PBXProject "matrixssl" */;
			compatibilityVersion = "Xcode 3.2";
			developmentRegion = English;
			hasScannedForEncodings = 1;
			knownRegions = (
				en,
			);
			mainGroup = 08FB7794FE84155DC02AAC07 /* matrixssl */;
			projectDirPath = "";
			projectRoot = "";
			targets = (
				D2AAC045055464E500DB518D /* matrixssl */,
			);
		};
/* End PBXProject section */

/* Begin PBXSourcesBuildPhase section */
		D2AAC044055464E500DB518D /* Sources */ = {
			isa = PBXSourcesBuildPhase;
			buildActionMask = 2147483647;
			files = (
				DD1C35D2112E0766003CC52A /* corelib.c in Sources */,
				DD1C35DA112E07A9003CC52A /* osdep.c in Sources */,
				DD1C3609112E07C0003CC52A /* hmac.c in Sources */,
				DD1C360B112E07C0003CC52A /* md5.c in Sources */,
				DD1C360D112E07C0003CC52A /* sha1.c in Sources */,
				DD1C360F112E07C0003CC52A /* asn1.c in Sources */,
				878227711A04069000C7C63E /* aesni.c in Sources */,
				DD1C3612112E07C0003CC52A /* base64.c in Sources */,
				DD1C3614112E07C0003CC52A /* x509.c in Sources */,
				DD1C3617112E07C0003CC52A /* pstm.c in Sources */,
				DD1C361A112E07C0003CC52A /* pkcs.c in Sources */,
				DD1C361C112E07C0003CC52A /* pubkey.c in Sources */,
				DD1C361F112E07C0003CC52A /* rsa.c in Sources */,
				DD1C3621112E07C0003CC52A /* aes.c in Sources */,
				DD1C3623112E07C0003CC52A /* arc4.c in Sources */,
				DD1C3625112E07C0003CC52A /* des3.c in Sources */,
				DD1C3633112E0863003CC52A /* cipherSuite.c in Sources */,
				DD1C3634112E0863003CC52A /* matrixssl.c in Sources */,
				DD1C3635112E0863003CC52A /* matrixsslApi.c in Sources */,
				DD1C3639112E0863003CC52A /* sslDecode.c in Sources */,
				DD1C363A112E0863003CC52A /* sslEncode.c in Sources */,
				DD1C363B112E0863003CC52A /* sslv3.c in Sources */,
				DD1C363C112E0863003CC52A /* tls.c in Sources */,
				874F48D11146BF6E008E00D2 /* pstm_montgomery_reduce.c in Sources */,
				874F48D21146BF6E008E00D2 /* pstm_mul_comba.c in Sources */,
				874F48D31146BF6E008E00D2 /* pstm_sqr_comba.c in Sources */,
				87FDBBFA11497A3B008B7214 /* dh.c in Sources */,
				87FDBC0511497A76008B7214 /* psk.c in Sources */,
				87FDBC0711497A99008B7214 /* seed.c in Sources */,
				87FDBC0B11497ABB008B7214 /* md2.c in Sources */,
				87FDBC0C11497ABB008B7214 /* md4.c in Sources */,
				87FDBC0D11497ABB008B7214 /* sha256.c in Sources */,
				87D1B43E121C8C2800CD2670 /* prng.c in Sources */,
				87D1B440121C8C2800CD2670 /* yarrow.c in Sources */,
				872FD727135E43FA002500BD /* ecc.c in Sources */,
				8767599D143E60A50096BC70 /* rc2.c in Sources */,
				8764ED3F159CC933009F585D /* sha224.c in Sources */,
				8764ED40159CC933009F585D /* sha384.c in Sources */,
				8764ED41159CC933009F585D /* sha512.c in Sources */,
				8764ED57159CCB8C009F585D /* aesGCM.c in Sources */,
				8754D10016D56A9D00072B50 /* hsHash.c in Sources */,
				8754D10116D56A9D00072B50 /* prf.c in Sources */,
			);
			runOnlyForDeploymentPostprocessing = 0;
		};
/* End PBXSourcesBuildPhase section */

/* Begin XCBuildConfiguration section */
		1DEB91EC08733DB70010E9CD /* Debug */ = {
			isa = XCBuildConfiguration;
			buildSettings = {
				ALWAYS_SEARCH_USER_PATHS = NO;
				COMBINE_HIDPI_IMAGES = YES;
				COPY_PHASE_STRIP = NO;
				GCC_DYNAMIC_NO_PIC = NO;
				GCC_MODEL_TUNING = G5;
				GCC_OPTIMIZATION_LEVEL = 0;
				GCC_VERSION = "";
				GCC_WARN_64_TO_32_BIT_CONVERSION = NO;
				INSTALL_PATH = /usr/local/lib;
				ONLY_ACTIVE_ARCH = YES;
				PRODUCT_NAME = matrixssl;
				SDKROOT = "";
				ZERO_LINK = YES;
			};
			name = Debug;
		};
		1DEB91ED08733DB70010E9CD /* Release */ = {
			isa = XCBuildConfiguration;
			buildSettings = {
				ALWAYS_SEARCH_USER_PATHS = NO;
				COMBINE_HIDPI_IMAGES = YES;
				DEBUG_INFORMATION_FORMAT = "dwarf-with-dsym";
				GCC_MODEL_TUNING = G5;
				GCC_VERSION = "";
				GCC_WARN_64_TO_32_BIT_CONVERSION = NO;
				INSTALL_PATH = /usr/local/lib;
				ONLY_ACTIVE_ARCH = YES;
				PRODUCT_NAME = matrixssl;
				SDKROOT = "";
			};
			name = Release;
		};
		1DEB91F008733DB70010E9CD /* Debug */ = {
			isa = XCBuildConfiguration;
			buildSettings = {
				ALWAYS_SEARCH_USER_PATHS = NO;
				ARCHS = "$(NATIVE_ARCH_ACTUAL)";
				CLANG_WARN_CONSTANT_CONVERSION = NO;
				GCC_C_LANGUAGE_STANDARD = gnu99;
				GCC_FAST_MATH = NO;
				GCC_PREPROCESSOR_DEFINITIONS = DEBUG;
				GCC_TREAT_WARNINGS_AS_ERRORS = NO;
				GCC_VERSION = "";
				GCC_WARN_64_TO_32_BIT_CONVERSION = NO;
				GCC_WARN_ABOUT_INVALID_OFFSETOF_MACRO = YES;
				GCC_WARN_ABOUT_MISSING_PROTOTYPES = YES;
				GCC_WARN_ABOUT_POINTER_SIGNEDNESS = YES;
				GCC_WARN_ABOUT_RETURN_TYPE = YES;
				GCC_WARN_ALLOW_INCOMPLETE_PROTOCOL = YES;
				GCC_WARN_INITIALIZER_NOT_FULLY_BRACKETED = YES;
				GCC_WARN_MISSING_PARENTHESES = NO;
				GCC_WARN_PEDANTIC = NO;
				GCC_WARN_PROTOTYPE_CONVERSION = NO;
				GCC_WARN_SIGN_COMPARE = YES;
				GCC_WARN_UNUSED_FUNCTION = NO;
				GCC_WARN_UNUSED_VARIABLE = YES;
				MACOSX_DEPLOYMENT_TARGET = 10.7;
				ONLY_ACTIVE_ARCH = YES;
				OTHER_CFLAGS = (
					"-maes",
					"-m64",
					"-mpclmul",
					"-msse4.1",
				);
				SDKROOT = "";
				SKIP_INSTALL = YES;
				USER_HEADER_SEARCH_PATHS = ". ..";
				WARNING_CFLAGS = "";
			};
			name = Debug;
		};
		1DEB91F108733DB70010E9CD /* Release */ = {
			isa = XCBuildConfiguration;
			buildSettings = {
				ALWAYS_SEARCH_USER_PATHS = NO;
				ARCHS = "$(NATIVE_ARCH_ACTUAL)";
				CLANG_WARN_CONSTANT_CONVERSION = NO;
				GCC_C_LANGUAGE_STANDARD = gnu99;
				GCC_FAST_MATH = NO;
				GCC_VERSION = "";
				GCC_WARN_64_TO_32_BIT_CONVERSION = NO;
				GCC_WARN_ABOUT_INVALID_OFFSETOF_MACRO = YES;
				GCC_WARN_ABOUT_MISSING_PROTOTYPES = YES;
				GCC_WARN_ABOUT_RETURN_TYPE = YES;
				GCC_WARN_INITIALIZER_NOT_FULLY_BRACKETED = YES;
				GCC_WARN_MISSING_PARENTHESES = NO;
				GCC_WARN_SIGN_COMPARE = YES;
				GCC_WARN_UNUSED_FUNCTION = NO;
				GCC_WARN_UNUSED_VARIABLE = YES;
				MACOSX_DEPLOYMENT_TARGET = 10.7;
				ONLY_ACTIVE_ARCH = YES;
				OTHER_CFLAGS = (
					"-maes",
					"-m64",
					"-mpclmul",
					"-msse4.1",
				);
				SDKROOT = "";
				SKIP_INSTALL = YES;
				USER_HEADER_SEARCH_PATHS = ". ..";
			};
			name = Release;
		};
/* End XCBuildConfiguration section */

/* Begin XCConfigurationList section */
		1DEB91EB08733DB70010E9CD /* Build configuration list for PBXNativeTarget "matrixssl" */ = {
			isa = XCConfigurationList;
			buildConfigurations = (
				1DEB91EC08733DB70010E9CD /* Debug */,
				1DEB91ED08733DB70010E9CD /* Release */,
			);
			defaultConfigurationIsVisible = 0;
			defaultConfigurationName = Release;
		};
		1DEB91EF08733DB70010E9CD /* Build configuration list for PBXProject "matrixssl" */ = {
			isa = XCConfigurationList;
			buildConfigurations = (
				1DEB91F008733DB70010E9CD /* Debug */,
				1DEB91F108733DB70010E9CD /* Release */,
			);
			defaultConfigurationIsVisible = 0;
			defaultConfigurationName = Release;
		};
/* End XCConfigurationList section */
	};
	rootObject = 08FB7793FE84155DC02AAC07 /* Project object */;
}
